
Microsoft Visual Studio Solution File, Format Version 12.00
# Visual Studio Version 16
VisualStudioVersion = 16.0.29728.190
MinimumVisualStudioVersion = 10.0.40219.1
Project("{FAE04EC0-301F-11D3-BF4B-00C04F79EFBC}") = "Presentation", "Presentation\Presentation.csproj", "{EB3FF8FA-0EC5-421A-B840-B66D591A04F1}"
EndProject
Project("{9A19103F-16F7-4668-BE54-9A1E7A4F7556}") = "Data", "Data\Data.csproj", "{CA405A0B-C7CB-41E1-8FBD-E936CFF0FC64}"
EndProject
Project("{9A19103F-16F7-4668-BE54-9A1E7A4F7556}") = "Logic", "Logic\Logic.csproj", "{DF7D98D3-E93E-4B8E-A82F-FA0ED1EF1566}"
EndProject
Project("{9A19103F-16F7-4668-BE54-9A1E7A4F7556}") = "DataTest", "DataTest\DataTest.csproj", "{F1C5FA27-88C7-45F0-A0A3-3C63CAA9FABC}"
EndProject
Project("{9A19103F-16F7-4668-BE54-9A1E7A4F7556}") = "LogicTest", "LogicTest\LogicTest.csproj", "{1B01CB5F-7EC1-4D44-96E6-A0E80260EA2D}"
EndProject
Project("{9A19103F-16F7-4668-BE54-9A1E7A4F7556}") = "PresentationTest", "PresentationTest\PresentationTest.csproj", "{7BC14A3C-4748-44E8-B796-996A7C6A11D5}"
EndProject
Project("{9A19103F-16F7-4668-BE54-9A1E7A4F7556}") = "Logic.File", "Logic.File\Logic.File.csproj", "{42977D14-9E22-49F6-8BB9-D5D0A50EE021}"
EndProject
Project("{2150E333-8FDC-42A3-9474-1A3956D46DE8}") = "Solution Items", "Solution Items", "{378BBCAD-912C-448D-9767-15B4543417A6}"
	ProjectSection(SolutionItems) = preProject
		.editorconfig = .editorconfig
	EndProjectSection
EndProject
Project("{9A19103F-16F7-4668-BE54-9A1E7A4F7556}") = "Data.Transfer", "Data.Transfer\Data.Transfer.csproj", "{7B19FF2F-EC4A-496D-A72F-CAE3EC4EF7E1}"
EndProject
Project("{9A19103F-16F7-4668-BE54-9A1E7A4F7556}") = "Data.TransferTest", "Data.TransferTest\Data.TransferTest.csproj", "{449074DF-005B-43F6-AC75-A15A818C610E}"
EndProject
Project("{9A19103F-16F7-4668-BE54-9A1E7A4F7556}") = "Logic.FileTest", "Logic.FileTest\Logic.FileTest.csproj", "{FD24382D-3CB9-48C3-8D94-CB871137672C}"
EndProject
Project("{FAE04EC0-301F-11D3-BF4B-00C04F79EFBC}") = "Logic.Client", "Logic.Client\Logic.Client.csproj", "{5484370E-F636-4D31-863C-E9CC3E8BB673}"
EndProject
Project("{FAE04EC0-301F-11D3-BF4B-00C04F79EFBC}") = "Presentation.Server", "Presentation.Server\Presentation.Server.csproj", "{954271FA-23F7-4793-BDAD-ED1874AF09B7}"
EndProject
Global
	GlobalSection(SolutionConfigurationPlatforms) = preSolution
		Debug|Any CPU = Debug|Any CPU
		Release|Any CPU = Release|Any CPU
	EndGlobalSection
	GlobalSection(ProjectConfigurationPlatforms) = postSolution
		{EB3FF8FA-0EC5-421A-B840-B66D591A04F1}.Debug|Any CPU.ActiveCfg = Debug|Any CPU
		{EB3FF8FA-0EC5-421A-B840-B66D591A04F1}.Debug|Any CPU.Build.0 = Debug|Any CPU
		{EB3FF8FA-0EC5-421A-B840-B66D591A04F1}.Release|Any CPU.ActiveCfg = Release|Any CPU
		{EB3FF8FA-0EC5-421A-B840-B66D591A04F1}.Release|Any CPU.Build.0 = Release|Any CPU
		{CA405A0B-C7CB-41E1-8FBD-E936CFF0FC64}.Debug|Any CPU.ActiveCfg = Debug|Any CPU
		{CA405A0B-C7CB-41E1-8FBD-E936CFF0FC64}.Debug|Any CPU.Build.0 = Debug|Any CPU
		{CA405A0B-C7CB-41E1-8FBD-E936CFF0FC64}.Release|Any CPU.ActiveCfg = Release|Any CPU
		{CA405A0B-C7CB-41E1-8FBD-E936CFF0FC64}.Release|Any CPU.Build.0 = Release|Any CPU
		{DF7D98D3-E93E-4B8E-A82F-FA0ED1EF1566}.Debug|Any CPU.ActiveCfg = Debug|Any CPU
		{DF7D98D3-E93E-4B8E-A82F-FA0ED1EF1566}.Debug|Any CPU.Build.0 = Debug|Any CPU
		{DF7D98D3-E93E-4B8E-A82F-FA0ED1EF1566}.Release|Any CPU.ActiveCfg = Release|Any CPU
		{DF7D98D3-E93E-4B8E-A82F-FA0ED1EF1566}.Release|Any CPU.Build.0 = Release|Any CPU
		{F1C5FA27-88C7-45F0-A0A3-3C63CAA9FABC}.Debug|Any CPU.ActiveCfg = Debug|Any CPU
		{F1C5FA27-88C7-45F0-A0A3-3C63CAA9FABC}.Debug|Any CPU.Build.0 = Debug|Any CPU
		{F1C5FA27-88C7-45F0-A0A3-3C63CAA9FABC}.Release|Any CPU.ActiveCfg = Release|Any CPU
		{F1C5FA27-88C7-45F0-A0A3-3C63CAA9FABC}.Release|Any CPU.Build.0 = Release|Any CPU
		{1B01CB5F-7EC1-4D44-96E6-A0E80260EA2D}.Debug|Any CPU.ActiveCfg = Debug|Any CPU
		{1B01CB5F-7EC1-4D44-96E6-A0E80260EA2D}.Debug|Any CPU.Build.0 = Debug|Any CPU
		{1B01CB5F-7EC1-4D44-96E6-A0E80260EA2D}.Release|Any CPU.ActiveCfg = Release|Any CPU
		{1B01CB5F-7EC1-4D44-96E6-A0E80260EA2D}.Release|Any CPU.Build.0 = Release|Any CPU
		{7BC14A3C-4748-44E8-B796-996A7C6A11D5}.Debug|Any CPU.ActiveCfg = Debug|Any CPU
		{7BC14A3C-4748-44E8-B796-996A7C6A11D5}.Debug|Any CPU.Build.0 = Debug|Any CPU
		{7BC14A3C-4748-44E8-B796-996A7C6A11D5}.Release|Any CPU.ActiveCfg = Release|Any CPU
		{7BC14A3C-4748-44E8-B796-996A7C6A11D5}.Release|Any CPU.Build.0 = Release|Any CPU
		{42977D14-9E22-49F6-8BB9-D5D0A50EE021}.Debug|Any CPU.ActiveCfg = Debug|Any CPU
		{42977D14-9E22-49F6-8BB9-D5D0A50EE021}.Debug|Any CPU.Build.0 = Debug|Any CPU
		{42977D14-9E22-49F6-8BB9-D5D0A50EE021}.Release|Any CPU.ActiveCfg = Release|Any CPU
		{42977D14-9E22-49F6-8BB9-D5D0A50EE021}.Release|Any CPU.Build.0 = Release|Any CPU
		{7B19FF2F-EC4A-496D-A72F-CAE3EC4EF7E1}.Debug|Any CPU.ActiveCfg = Debug|Any CPU
		{7B19FF2F-EC4A-496D-A72F-CAE3EC4EF7E1}.Debug|Any CPU.Build.0 = Debug|Any CPU
		{7B19FF2F-EC4A-496D-A72F-CAE3EC4EF7E1}.Release|Any CPU.ActiveCfg = Release|Any CPU
		{7B19FF2F-EC4A-496D-A72F-CAE3EC4EF7E1}.Release|Any CPU.Build.0 = Release|Any CPU
		{449074DF-005B-43F6-AC75-A15A818C610E}.Debug|Any CPU.ActiveCfg = Debug|Any CPU
		{449074DF-005B-43F6-AC75-A15A818C610E}.Debug|Any CPU.Build.0 = Debug|Any CPU
		{449074DF-005B-43F6-AC75-A15A818C610E}.Release|Any CPU.ActiveCfg = Release|Any CPU
		{449074DF-005B-43F6-AC75-A15A818C610E}.Release|Any CPU.Build.0 = Release|Any CPU
		{FD24382D-3CB9-48C3-8D94-CB871137672C}.Debug|Any CPU.ActiveCfg = Debug|Any CPU
		{FD24382D-3CB9-48C3-8D94-CB871137672C}.Debug|Any CPU.Build.0 = Debug|Any CPU
		{FD24382D-3CB9-48C3-8D94-CB871137672C}.Release|Any CPU.ActiveCfg = Release|Any CPU
		{FD24382D-3CB9-48C3-8D94-CB871137672C}.Release|Any CPU.Build.0 = Release|Any CPU
		{5484370E-F636-4D31-863C-E9CC3E8BB673}.Debug|Any CPU.ActiveCfg = Debug|Any CPU
		{5484370E-F636-4D31-863C-E9CC3E8BB673}.Debug|Any CPU.Build.0 = Debug|Any CPU
		{5484370E-F636-4D31-863C-E9CC3E8BB673}.Release|Any CPU.ActiveCfg = Release|Any CPU
		{5484370E-F636-4D31-863C-E9CC3E8BB673}.Release|Any CPU.Build.0 = Release|Any CPU
		{954271FA-23F7-4793-BDAD-ED1874AF09B7}.Debug|Any CPU.ActiveCfg = Debug|Any CPU
		{954271FA-23F7-4793-BDAD-ED1874AF09B7}.Debug|Any CPU.Build.0 = Debug|Any CPU
		{954271FA-23F7-4793-BDAD-ED1874AF09B7}.Release|Any CPU.ActiveCfg = Release|Any CPU
		{954271FA-23F7-4793-BDAD-ED1874AF09B7}.Release|Any CPU.Build.0 = Release|Any CPU
	EndGlobalSection
	GlobalSection(SolutionProperties) = preSolution
		HideSolutionNode = FALSE
	EndGlobalSection
	GlobalSection(ExtensibilityGlobals) = postSolution
		SolutionGuid = {3F48B22F-A1C0-48C5-891E-30E784DD4461}
	EndGlobalSection
EndGlobal
