
Microsoft Visual Studio Solution File, Format Version 12.00
# Visual Studio Version 16
VisualStudioVersion = 16.0.31112.23
MinimumVisualStudioVersion = 10.0.40219.1
Project("{FAE04EC0-301F-11D3-BF4B-00C04F79EFBC}") = "Data", "Data\Data.csproj", "{C103066C-2C38-4EF0-A660-ACBC928E3E5A}"
EndProject
Project("{FAE04EC0-301F-11D3-BF4B-00C04F79EFBC}") = "Logic", "Logic\Logic.csproj", "{37F902CC-090D-423E-A690-69673E9FF26B}"
	ProjectSection(ProjectDependencies) = postProject
		{C103066C-2C38-4EF0-A660-ACBC928E3E5A} = {C103066C-2C38-4EF0-A660-ACBC928E3E5A}
	EndProjectSection
EndProject
Project("{FAE04EC0-301F-11D3-BF4B-00C04F79EFBC}") = "Presentation", "Presentation\Presentation.csproj", "{EEA86CE0-4E24-49BB-AB6F-569D511DEC0D}"
	ProjectSection(ProjectDependencies) = postProject
		{37F902CC-090D-423E-A690-69673E9FF26B} = {37F902CC-090D-423E-A690-69673E9FF26B}
	EndProjectSection
EndProject
Global
	GlobalSection(SolutionConfigurationPlatforms) = preSolution
		Debug|Any CPU = Debug|Any CPU
		Release|Any CPU = Release|Any CPU
	EndGlobalSection
	GlobalSection(ProjectConfigurationPlatforms) = postSolution
		{C103066C-2C38-4EF0-A660-ACBC928E3E5A}.Debug|Any CPU.ActiveCfg = Debug|Any CPU
		{C103066C-2C38-4EF0-A660-ACBC928E3E5A}.Debug|Any CPU.Build.0 = Debug|Any CPU
		{C103066C-2C38-4EF0-A660-ACBC928E3E5A}.Release|Any CPU.ActiveCfg = Release|Any CPU
		{C103066C-2C38-4EF0-A660-ACBC928E3E5A}.Release|Any CPU.Build.0 = Release|Any CPU
		{37F902CC-090D-423E-A690-69673E9FF26B}.Debug|Any CPU.ActiveCfg = Debug|Any CPU
		{37F902CC-090D-423E-A690-69673E9FF26B}.Debug|Any CPU.Build.0 = Debug|Any CPU
		{37F902CC-090D-423E-A690-69673E9FF26B}.Release|Any CPU.ActiveCfg = Release|Any CPU
		{37F902CC-090D-423E-A690-69673E9FF26B}.Release|Any CPU.Build.0 = Release|Any CPU
		{EEA86CE0-4E24-49BB-AB6F-569D511DEC0D}.Debug|Any CPU.ActiveCfg = Debug|Any CPU
		{EEA86CE0-4E24-49BB-AB6F-569D511DEC0D}.Debug|Any CPU.Build.0 = Debug|Any CPU
		{EEA86CE0-4E24-49BB-AB6F-569D511DEC0D}.Release|Any CPU.ActiveCfg = Release|Any CPU
		{EEA86CE0-4E24-49BB-AB6F-569D511DEC0D}.Release|Any CPU.Build.0 = Release|Any CPU
	EndGlobalSection
	GlobalSection(SolutionProperties) = preSolution
		HideSolutionNode = FALSE
	EndGlobalSection
	GlobalSection(ExtensibilityGlobals) = postSolution
		SolutionGuid = {A992D258-30B4-4269-A676-9285D1BE4B57}
	EndGlobalSection
EndGlobal
